{
  "name": "sourceloupe-apex",
  "version": "1.0.0",
  "lockfileVersion": 3,
  "requires": true,
  "packages": {
    "": {
      "name": "sourceloupe-apex",
      "version": "1.0.0",
      "dependencies": {
        "prettier": "^3.5.1",
        "sourceloupe": "^0.0.44",
        "xml2js": "^0.6.2",
        "xmldom": "^0.6.0"
      },
      "devDependencies": {
        "typescript": "^5.5.3"
      }
    },
    "node_modules/node-addon-api": {
      "version": "8.3.0",
      "resolved": "https://registry.npmjs.org/node-addon-api/-/node-addon-api-8.3.0.tgz",
      "integrity": "sha512-8VOpLHFrOQlAH+qA0ZzuGRlALRA6/LVh8QJldbrC4DY0hXoMP0l4Acq8TzFC018HztWiRqyCEj2aTWY2UvnJUg==",
      "license": "MIT",
      "engines": {
        "node": "^18 || ^20 || >= 21"
      }
    },
    "node_modules/node-gyp-build": {
      "version": "4.8.4",
      "resolved": "https://registry.npmjs.org/node-gyp-build/-/node-gyp-build-4.8.4.tgz",
      "integrity": "sha512-LA4ZjwlnUblHVgq0oBF3Jl/6h/Nvs5fzBLwdEF4nuxnFdsfajde4WfxtJr3CaiH+F6ewcIB/q4jQ4UzPyid+CQ==",
      "license": "MIT",
      "bin": {
        "node-gyp-build": "bin.js",
        "node-gyp-build-optional": "optional.js",
        "node-gyp-build-test": "build-test.js"
      }
    },
    "node_modules/prettier": {
      "version": "3.5.1",
      "resolved": "https://registry.npmjs.org/prettier/-/prettier-3.5.1.tgz",
      "integrity": "sha512-hPpFQvHwL3Qv5AdRvBFMhnKo4tYxp0ReXiPn2bxkiohEX6mBeBwEpBSQTkD458RaaDKQMYSp4hX4UtfUTA5wDw==",
      "license": "MIT",
      "bin": {
        "prettier": "bin/prettier.cjs"
      },
      "engines": {
        "node": ">=14"
      },
      "funding": {
        "url": "https://github.com/prettier/prettier?sponsor=1"
      }
    },
    "node_modules/sax": {
      "version": "1.4.1",
      "resolved": "https://registry.npmjs.org/sax/-/sax-1.4.1.tgz",
      "integrity": "sha512-+aWOz7yVScEGoKNd4PA10LZ8sk0A/z5+nXQG5giUO5rprX9jgYsTdov9qCchZiPIZezbZH+jRut8nPodFAX4Jg==",
      "license": "ISC"
    },
    "node_modules/sourceloupe": {
      "version": "0.0.44",
      "resolved": "https://registry.npmjs.org/sourceloupe/-/sourceloupe-0.0.44.tgz",
      "integrity": "sha512-Ci1Rs/J4sMaU8huwSvfRw7NZoV/xrXF1Bdze/tGrVLaHZPuLj7PpEZ7lS8lZqM09aKx2/8D6O0NBqLigDQz6jw==",
      "license": "ISC",
      "dependencies": {
        "tree-sitter": "^0.21.0",
        "tree-sitter-sfapex": "^2.3.0"
      }
    },
    "node_modules/sourceloupe/node_modules/tree-sitter": {
      "version": "0.21.1",
      "resolved": "https://registry.npmjs.org/tree-sitter/-/tree-sitter-0.21.1.tgz",
      "integrity": "sha512-7dxoA6kYvtgWw80265MyqJlkRl4yawIjO7S5MigytjELkX43fV2WsAXzsNfO7sBpPPCF5Gp0+XzHk0DwLCq3xQ==",
      "hasInstallScript": true,
      "license": "MIT",
      "dependencies": {
        "node-addon-api": "^8.0.0",
        "node-gyp-build": "^4.8.0"
      }
    },
    "node_modules/tree-sitter": {
      "version": "0.22.4",
      "resolved": "https://registry.npmjs.org/tree-sitter/-/tree-sitter-0.22.4.tgz",
      "integrity": "sha512-usbHZP9/oxNsUY65MQUsduGRqDHQOou1cagUSwjhoSYAmSahjQDAVsh9s+SlZkn8X8+O1FULRGwHu7AFP3kjzg==",
      "hasInstallScript": true,
      "license": "MIT",
      "peer": true,
      "dependencies": {
        "node-addon-api": "^8.3.0",
        "node-gyp-build": "^4.8.4"
      }
    },
    "node_modules/tree-sitter-sfapex": {
      "version": "2.4.1",
      "resolved": "https://registry.npmjs.org/tree-sitter-sfapex/-/tree-sitter-sfapex-2.4.1.tgz",
      "integrity": "sha512-QcL2VYbv0RX5vjKt5T8xHNPaXML2lwL/bKlZPDEDjEhe+2sbfQuA8LeovWALF+6jteMq8mqG0CzT/BJ0zLk/kg==",
      "hasInstallScript": true,
      "license": "MIT",
      "dependencies": {
        "node-addon-api": "^7.1.0",
        "node-gyp-build": "^4.8.0"
      },
      "peerDependencies": {
        "tree-sitter": "^0.22.4"
      },
      "peerDependenciesMeta": {
        "tree_sitter": {
          "optional": true
        }
      }
    },
    "node_modules/tree-sitter-sfapex/node_modules/node-addon-api": {
      "version": "7.1.1",
      "resolved": "https://registry.npmjs.org/node-addon-api/-/node-addon-api-7.1.1.tgz",
      "integrity": "sha512-5m3bsyrjFWE1xf7nz7YXdN4udnVtXK6/Yfgn5qnahL6bCkf2yKt4k3nuTKAtT4r3IG8JNR2ncsIMdZuAzJjHQQ==",
      "license": "MIT"
    },
    "node_modules/typescript": {
      "version": "5.7.3",
      "resolved": "https://registry.npmjs.org/typescript/-/typescript-5.7.3.tgz",
      "integrity": "sha512-84MVSjMEHP+FQRPy3pX9sTVV/INIex71s9TL2Gm5FG/WG1SqXeKyZ0k7/blY/4FdOzI12CBy1vGc4og/eus0fw==",
      "dev": true,
      "license": "Apache-2.0",
      "bin": {
        "tsc": "bin/tsc",
        "tsserver": "bin/tsserver"
      },
      "engines": {
        "node": ">=14.17"
      }
    },
    "node_modules/xml2js": {
      "version": "0.6.2",
      "resolved": "https://registry.npmjs.org/xml2js/-/xml2js-0.6.2.tgz",
      "integrity": "sha512-T4rieHaC1EXcES0Kxxj4JWgaUQHDk+qwHcYOCFHfiwKz7tOVPLq7Hjq9dM1WCMhylqMEfP7hMcOIChvotiZegA==",
      "license": "MIT",
      "dependencies": {
        "sax": ">=0.6.0",
        "xmlbuilder": "~11.0.0"
      },
      "engines": {
        "node": ">=4.0.0"
      }
    },
    "node_modules/xmlbuilder": {
      "version": "11.0.1",
      "resolved": "https://registry.npmjs.org/xmlbuilder/-/xmlbuilder-11.0.1.tgz",
      "integrity": "sha512-fDlsI/kFEx7gLvbecc0/ohLG50fugQp8ryHzMTuW9vSa1GJ0XYWKnhsUx7oie3G98+r56aTQIUB4kht42R3JvA==",
      "license": "MIT",
      "engines": {
        "node": ">=4.0"
      }
    },
    "node_modules/xmldom": {
      "version": "0.6.0",
      "resolved": "https://registry.npmjs.org/xmldom/-/xmldom-0.6.0.tgz",
      "integrity": "sha512-iAcin401y58LckRZ0TkI4k0VSM1Qg0KGSc3i8rU+xrxe19A/BN1zHyVSJY7uoutVlaTSzYyk/v5AmkewAP7jtg==",
      "license": "MIT",
      "engines": {
        "node": ">=10.0.0"
      }
    }
  }
}
